
Microsoft Visual Studio Solution File, Format Version 12.00
# Visual Studio Version 17
VisualStudioVersion = 17.14.36301.6 d17.14
MinimumVisualStudioVersion = 10.0.40219.1
Project("{FAE04EC0-301F-11D3-BF4B-00C04F79EFBC}") = "moshkelt l Nasa", "moshkelt l Nasa\moshkelt l Nasa.csproj", "{9916763E-8000-4BC9-9036-07CF59B37CD7}"
EndProject
Global
	GlobalSection(SolutionConfigurationPlatforms) = preSolution
		Debug|Any CPU = Debug|Any CPU
		Release|Any CPU = Release|Any CPU
	EndGlobalSection
	GlobalSection(ProjectConfigurationPlatforms) = postSolution
		{9916763E-8000-4BC9-9036-07CF59B37CD7}.Debug|Any CPU.ActiveCfg = Debug|Any CPU
		{9916763E-8000-4BC9-9036-07CF59B37CD7}.Debug|Any CPU.Build.0 = Debug|Any CPU
		{9916763E-8000-4BC9-9036-07CF59B37CD7}.Release|Any CPU.ActiveCfg = Release|Any CPU
		{9916763E-8000-4BC9-9036-07CF59B37CD7}.Release|Any CPU.Build.0 = Release|Any CPU
	EndGlobalSection
	GlobalSection(SolutionProperties) = preSolution
		HideSolutionNode = FALSE
	EndGlobalSection
	GlobalSection(ExtensibilityGlobals) = postSolution
		SolutionGuid = {67F35BD5-0C74-41D5-AB2B-EA281A8409CC}
	EndGlobalSection
EndGlobal
